// !$*UTF8*$!
{
	archiveVersion = 1;
	classes = {
	};
	objectVersion = 50;
	objects = {

/* Begin PBXBuildFile section */
		04FF4B6525A48CDC008F6C44 /* NYHViewController.swift in Sources */ = {isa = PBXBuildFile; fileRef = 04FF4B6425A48CDC008F6C44 /* NYHViewController.swift */; };
		056F8ED125A4913D0021826D /* MNViewController.swift in Sources */ = {isa = PBXBuildFile; fileRef = 056F8ED025A4913D0021826D /* MNViewController.swift */; };
		4DB1EFFD25A48CB000340002 /* PSViewController.swift in Sources */ = {isa = PBXBuildFile; fileRef = 4DB1EFFC25A48CB000340002 /* PSViewController.swift */; };
		BD0F538525A48E83006163B6 /* TnoViewController.swift in Sources */ = {isa = PBXBuildFile; fileRef = BD0F538425A48E83006163B6 /* TnoViewController.swift */; };
		EA0A346225A49A200040F3D6 /* MAH.storyboard in Resources */ = {isa = PBXBuildFile; fileRef = EA0A345D25A49A1F0040F3D6 /* MAH.storyboard */; };
		EA0A346325A49A200040F3D6 /* PS.storyboard in Resources */ = {isa = PBXBuildFile; fileRef = EA0A345E25A49A1F0040F3D6 /* PS.storyboard */; };
		EA0A346425A49A200040F3D6 /* ViewTno.storyboard in Resources */ = {isa = PBXBuildFile; fileRef = EA0A345F25A49A1F0040F3D6 /* ViewTno.storyboard */; };
		EA0A346525A49A200040F3D6 /* MN.storyboard in Resources */ = {isa = PBXBuildFile; fileRef = EA0A346025A49A1F0040F3D6 /* MN.storyboard */; };
		EA0A346625A49A200040F3D6 /* NYH.storyboard in Resources */ = {isa = PBXBuildFile; fileRef = EA0A346125A49A200040F3D6 /* NYH.storyboard */; };
		EA794BE5259CA3E60068D1DB /* AppDelegate.swift in Sources */ = {isa = PBXBuildFile; fileRef = EA794BE4259CA3E60068D1DB /* AppDelegate.swift */; };
		EA794BE7259CA3E60068D1DB /* SceneDelegate.swift in Sources */ = {isa = PBXBuildFile; fileRef = EA794BE6259CA3E60068D1DB /* SceneDelegate.swift */; };
		EA794BE9259CA3E60068D1DB /* ViewController.swift in Sources */ = {isa = PBXBuildFile; fileRef = EA794BE8259CA3E60068D1DB /* ViewController.swift */; };
		EA794BEC259CA3E60068D1DB /* Main.storyboard in Resources */ = {isa = PBXBuildFile; fileRef = EA794BEA259CA3E60068D1DB /* Main.storyboard */; };
		EA794BEE259CA3E80068D1DB /* Assets.xcassets in Resources */ = {isa = PBXBuildFile; fileRef = EA794BED259CA3E80068D1DB /* Assets.xcassets */; };
		EA794BF1259CA3E80068D1DB /* LaunchScreen.storyboard in Resources */ = {isa = PBXBuildFile; fileRef = EA794BEF259CA3E80068D1DB /* LaunchScreen.storyboard */; };
		EA794BF9259CA7500068D1DB /* HomeViewController.swift in Sources */ = {isa = PBXBuildFile; fileRef = EA794BF8259CA7500068D1DB /* HomeViewController.swift */; };
		EAA7C4A525A48C9E00F464B8 /* MAHViewController.swift in Sources */ = {isa = PBXBuildFile; fileRef = EAA7C4A425A48C9E00F464B8 /* MAHViewController.swift */; };
		EAA7C4A825A4994700F464B8 /* HMP.storyboard in Resources */ = {isa = PBXBuildFile; fileRef = EAA7C4A625A4994700F464B8 /* HMP.storyboard */; };
		EAA7C4A925A4994700F464B8 /* HMPViewController.swift in Sources */ = {isa = PBXBuildFile; fileRef = EAA7C4A725A4994700F464B8 /* HMPViewController.swift */; };
/* End PBXBuildFile section */

/* Begin PBXFileReference section */
		04FF4B6425A48CDC008F6C44 /* NYHViewController.swift */ = {isa = PBXFileReference; lastKnownFileType = sourcecode.swift; path = NYHViewController.swift; sourceTree = "<group>"; };
		056F8ED025A4913D0021826D /* MNViewController.swift */ = {isa = PBXFileReference; lastKnownFileType = sourcecode.swift; path = MNViewController.swift; sourceTree = "<group>"; };
		4DB1EFFC25A48CB000340002 /* PSViewController.swift */ = {isa = PBXFileReference; lastKnownFileType = sourcecode.swift; path = PSViewController.swift; sourceTree = "<group>"; };
		BD0F538425A48E83006163B6 /* TnoViewController.swift */ = {isa = PBXFileReference; lastKnownFileType = sourcecode.swift; path = TnoViewController.swift; sourceTree = "<group>"; };
		EA0A345D25A49A1F0040F3D6 /* MAH.storyboard */ = {isa = PBXFileReference; fileEncoding = 4; lastKnownFileType = file.storyboard; name = MAH.storyboard; path = ../../../../Desktop/MAH.storyboard; sourceTree = "<group>"; };
		EA0A345E25A49A1F0040F3D6 /* PS.storyboard */ = {isa = PBXFileReference; fileEncoding = 4; lastKnownFileType = file.storyboard; name = PS.storyboard; path = ../../../../Desktop/PS.storyboard; sourceTree = "<group>"; };
		EA0A345F25A49A1F0040F3D6 /* ViewTno.storyboard */ = {isa = PBXFileReference; fileEncoding = 4; lastKnownFileType = file.storyboard; name = ViewTno.storyboard; path = ../../../../Desktop/ViewTno.storyboard; sourceTree = "<group>"; };
		EA0A346025A49A1F0040F3D6 /* MN.storyboard */ = {isa = PBXFileReference; fileEncoding = 4; lastKnownFileType = file.storyboard; name = MN.storyboard; path = ../../../../Desktop/MN.storyboard; sourceTree = "<group>"; };
		EA0A346125A49A200040F3D6 /* NYH.storyboard */ = {isa = PBXFileReference; fileEncoding = 4; lastKnownFileType = file.storyboard; name = NYH.storyboard; path = ../../../../Desktop/NYH.storyboard; sourceTree = "<group>"; };
		EA794BE1259CA3E60068D1DB /* gittest.app */ = {isa = PBXFileReference; explicitFileType = wrapper.application; includeInIndex = 0; path = gittest.app; sourceTree = BUILT_PRODUCTS_DIR; };
		EA794BE4259CA3E60068D1DB /* AppDelegate.swift */ = {isa = PBXFileReference; lastKnownFileType = sourcecode.swift; path = AppDelegate.swift; sourceTree = "<group>"; };
		EA794BE6259CA3E60068D1DB /* SceneDelegate.swift */ = {isa = PBXFileReference; lastKnownFileType = sourcecode.swift; path = SceneDelegate.swift; sourceTree = "<group>"; };
		EA794BE8259CA3E60068D1DB /* ViewController.swift */ = {isa = PBXFileReference; lastKnownFileType = sourcecode.swift; path = ViewController.swift; sourceTree = "<group>"; };
		EA794BEB259CA3E60068D1DB /* Base */ = {isa = PBXFileReference; lastKnownFileType = file.storyboard; name = Base; path = Base.lproj/Main.storyboard; sourceTree = "<group>"; };
		EA794BED259CA3E80068D1DB /* Assets.xcassets */ = {isa = PBXFileReference; lastKnownFileType = folder.assetcatalog; path = Assets.xcassets; sourceTree = "<group>"; };
		EA794BF0259CA3E80068D1DB /* Base */ = {isa = PBXFileReference; lastKnownFileType = file.storyboard; name = Base; path = Base.lproj/LaunchScreen.storyboard; sourceTree = "<group>"; };
		EA794BF2259CA3E80068D1DB /* Info.plist */ = {isa = PBXFileReference; lastKnownFileType = text.plist.xml; path = Info.plist; sourceTree = "<group>"; };
		EA794BF8259CA7500068D1DB /* HomeViewController.swift */ = {isa = PBXFileReference; lastKnownFileType = sourcecode.swift; path = HomeViewController.swift; sourceTree = "<group>"; };
		EAA7C4A425A48C9E00F464B8 /* MAHViewController.swift */ = {isa = PBXFileReference; lastKnownFileType = sourcecode.swift; path = MAHViewController.swift; sourceTree = "<group>"; };
		EAA7C4A625A4994700F464B8 /* HMP.storyboard */ = {isa = PBXFileReference; fileEncoding = 4; lastKnownFileType = file.storyboard; path = HMP.storyboard; sourceTree = "<group>"; };
		EAA7C4A725A4994700F464B8 /* HMPViewController.swift */ = {isa = PBXFileReference; fileEncoding = 4; lastKnownFileType = sourcecode.swift; path = HMPViewController.swift; sourceTree = "<group>"; };
/* End PBXFileReference section */

/* Begin PBXFrameworksBuildPhase section */
		EA794BDE259CA3E60068D1DB /* Frameworks */ = {
			isa = PBXFrameworksBuildPhase;
			buildActionMask = 2147483647;
			files = (
			);
			runOnlyForDeploymentPostprocessing = 0;
		};
/* End PBXFrameworksBuildPhase section */

/* Begin PBXGroup section */
		EA794BD8259CA3E60068D1DB = {
			isa = PBXGroup;
			children = (
				EA794BE3259CA3E60068D1DB /* gittest */,
				EA794BE2259CA3E60068D1DB /* Products */,
			);
			sourceTree = "<group>";
		};
		EA794BE2259CA3E60068D1DB /* Products */ = {
			isa = PBXGroup;
			children = (
				EA794BE1259CA3E60068D1DB /* gittest.app */,
			);
			name = Products;
			sourceTree = "<group>";
		};
		EA794BE3259CA3E60068D1DB /* gittest */ = {
			isa = PBXGroup;
			children = (
				EA794BE4259CA3E60068D1DB /* AppDelegate.swift */,
				EA794BE6259CA3E60068D1DB /* SceneDelegate.swift */,
				EA0A345D25A49A1F0040F3D6 /* MAH.storyboard */,
				EA0A346025A49A1F0040F3D6 /* MN.storyboard */,
				EA0A346125A49A200040F3D6 /* NYH.storyboard */,
				EA0A345E25A49A1F0040F3D6 /* PS.storyboard */,
				EA0A345F25A49A1F0040F3D6 /* ViewTno.storyboard */,
				EA794BE8259CA3E60068D1DB /* ViewController.swift */,
				EAA7C4A625A4994700F464B8 /* HMP.storyboard */,
				EAA7C4A725A4994700F464B8 /* HMPViewController.swift */,
				EA794BF8259CA7500068D1DB /* HomeViewController.swift */,
				EA794BEA259CA3E60068D1DB /* Main.storyboard */,
				EAA7C4A425A48C9E00F464B8 /* MAHViewController.swift */,
				EA794BED259CA3E80068D1DB /* Assets.xcassets */,
				EA794BEF259CA3E80068D1DB /* LaunchScreen.storyboard */,
				EA794BF2259CA3E80068D1DB /* Info.plist */,
				BD0F538425A48E83006163B6 /* TnoViewController.swift */,
				056F8ED025A4913D0021826D /* MNViewController.swift */,
				4DB1EFFC25A48CB000340002 /* PSViewController.swift */,
				04FF4B6425A48CDC008F6C44 /* NYHViewController.swift */,
			);
			path = gittest;
			sourceTree = "<group>";
		};
/* End PBXGroup section */

/* Begin PBXNativeTarget section */
		EA794BE0259CA3E60068D1DB /* gittest */ = {
			isa = PBXNativeTarget;
			buildConfigurationList = EA794BF5259CA3E80068D1DB /* Build configuration list for PBXNativeTarget "gittest" */;
			buildPhases = (
				EA794BDD259CA3E60068D1DB /* Sources */,
				EA794BDE259CA3E60068D1DB /* Frameworks */,
				EA794BDF259CA3E60068D1DB /* Resources */,
			);
			buildRules = (
			);
			dependencies = (
			);
			name = gittest;
			productName = gittest;
			productReference = EA794BE1259CA3E60068D1DB /* gittest.app */;
			productType = "com.apple.product-type.application";
		};
/* End PBXNativeTarget section */

/* Begin PBXProject section */
		EA794BD9259CA3E60068D1DB /* Project object */ = {
			isa = PBXProject;
			attributes = {
				LastSwiftUpdateCheck = 1130;
				LastUpgradeCheck = 1130;
				ORGANIZATIONNAME = "Min Aung Hein";
				TargetAttributes = {
					EA794BE0259CA3E60068D1DB = {
						CreatedOnToolsVersion = 11.3.1;
					};
				};
			};
			buildConfigurationList = EA794BDC259CA3E60068D1DB /* Build configuration list for PBXProject "gittest" */;
			compatibilityVersion = "Xcode 9.3";
			developmentRegion = en;
			hasScannedForEncodings = 0;
			knownRegions = (
				en,
				Base,
			);
			mainGroup = EA794BD8259CA3E60068D1DB;
			productRefGroup = EA794BE2259CA3E60068D1DB /* Products */;
			projectDirPath = "";
			projectRoot = "";
			targets = (
				EA794BE0259CA3E60068D1DB /* gittest */,
			);
		};
/* End PBXProject section */

/* Begin PBXResourcesBuildPhase section */
		EA794BDF259CA3E60068D1DB /* Resources */ = {
			isa = PBXResourcesBuildPhase;
			buildActionMask = 2147483647;
			files = (
				EA794BF1259CA3E80068D1DB /* LaunchScreen.storyboard in Resources */,
				EA0A346525A49A200040F3D6 /* MN.storyboard in Resources */,
				EA0A346225A49A200040F3D6 /* MAH.storyboard in Resources */,
				EA794BEE259CA3E80068D1DB /* Assets.xcassets in Resources */,
				EA0A346325A49A200040F3D6 /* PS.storyboard in Resources */,
				EAA7C4A825A4994700F464B8 /* HMP.storyboard in Resources */,
				EA0A346625A49A200040F3D6 /* NYH.storyboard in Resources */,
				EA0A346425A49A200040F3D6 /* ViewTno.storyboard in Resources */,
				EA794BEC259CA3E60068D1DB /* Main.storyboard in Resources */,
			);
			runOnlyForDeploymentPostprocessing = 0;
		};
/* End PBXResourcesBuildPhase section */

/* Begin PBXSourcesBuildPhase section */
		EA794BDD259CA3E60068D1DB /* Sources */ = {
			isa = PBXSourcesBuildPhase;
			buildActionMask = 2147483647;
			files = (
				EAA7C4A925A4994700F464B8 /* HMPViewController.swift in Sources */,
				EA794BE9259CA3E60068D1DB /* ViewController.swift in Sources */,
				BD0F538525A48E83006163B6 /* TnoViewController.swift in Sources */,
				056F8ED125A4913D0021826D /* MNViewController.swift in Sources */,
				EA794BE5259CA3E60068D1DB /* AppDelegate.swift in Sources */,
				EAA7C4A525A48C9E00F464B8 /* MAHViewController.swift in Sources */,
				4DB1EFFD25A48CB000340002 /* PSViewController.swift in Sources */,
				04FF4B6525A48CDC008F6C44 /* NYHViewController.swift in Sources */,
				EA794BE7259CA3E60068D1DB /* SceneDelegate.swift in Sources */,
				EA794BF9259CA7500068D1DB /* HomeViewController.swift in Sources */,
			);
			runOnlyForDeploymentPostprocessing = 0;
		};
/* End PBXSourcesBuildPhase section */

/* Begin PBXVariantGroup section */
		EA794BEA259CA3E60068D1DB /* Main.storyboard */ = {
			isa = PBXVariantGroup;
			children = (
				EA794BEB259CA3E60068D1DB /* Base */,
			);
			name = Main.storyboard;
			sourceTree = "<group>";
		};
		EA794BEF259CA3E80068D1DB /* LaunchScreen.storyboard */ = {
			isa = PBXVariantGroup;
			children = (
				EA794BF0259CA3E80068D1DB /* Base */,
			);
			name = LaunchScreen.storyboard;
			sourceTree = "<group>";
		};
/* End PBXVariantGroup section */

/* Begin XCBuildConfiguration section */
		EA794BF3259CA3E80068D1DB /* Debug */ = {
			isa = XCBuildConfiguration;
			buildSettings = {
				ALWAYS_SEARCH_USER_PATHS = NO;
				CLANG_ANALYZER_NONNULL = YES;
				CLANG_ANALYZER_NUMBER_OBJECT_CONVERSION = YES_AGGRESSIVE;
				CLANG_CXX_LANGUAGE_STANDARD = "gnu++14";
				CLANG_CXX_LIBRARY = "libc++";
				CLANG_ENABLE_MODULES = YES;
				CLANG_ENABLE_OBJC_ARC = YES;
				CLANG_ENABLE_OBJC_WEAK = YES;
				CLANG_WARN_BLOCK_CAPTURE_AUTORELEASING = YES;
				CLANG_WARN_BOOL_CONVERSION = YES;
				CLANG_WARN_COMMA = YES;
				CLANG_WARN_CONSTANT_CONVERSION = YES;
				CLANG_WARN_DEPRECATED_OBJC_IMPLEMENTATIONS = YES;
				CLANG_WARN_DIRECT_OBJC_ISA_USAGE = YES_ERROR;
				CLANG_WARN_DOCUMENTATION_COMMENTS = YES;
				CLANG_WARN_EMPTY_BODY = YES;
				CLANG_WARN_ENUM_CONVERSION = YES;
				CLANG_WARN_INFINITE_RECURSION = YES;
				CLANG_WARN_INT_CONVERSION = YES;
				CLANG_WARN_NON_LITERAL_NULL_CONVERSION = YES;
				CLANG_WARN_OBJC_IMPLICIT_RETAIN_SELF = YES;
				CLANG_WARN_OBJC_LITERAL_CONVERSION = YES;
				CLANG_WARN_OBJC_ROOT_CLASS = YES_ERROR;
				CLANG_WARN_RANGE_LOOP_ANALYSIS = YES;
				CLANG_WARN_STRICT_PROTOTYPES = YES;
				CLANG_WARN_SUSPICIOUS_MOVE = YES;
				CLANG_WARN_UNGUARDED_AVAILABILITY = YES_AGGRESSIVE;
				CLANG_WARN_UNREACHABLE_CODE = YES;
				CLANG_WARN__DUPLICATE_METHOD_MATCH = YES;
				COPY_PHASE_STRIP = NO;
				DEBUG_INFORMATION_FORMAT = dwarf;
				ENABLE_STRICT_OBJC_MSGSEND = YES;
				ENABLE_TESTABILITY = YES;
				GCC_C_LANGUAGE_STANDARD = gnu11;
				GCC_DYNAMIC_NO_PIC = NO;
				GCC_NO_COMMON_BLOCKS = YES;
				GCC_OPTIMIZATION_LEVEL = 0;
				GCC_PREPROCESSOR_DEFINITIONS = (
					"DEBUG=1",
					"$(inherited)",
				);
				GCC_WARN_64_TO_32_BIT_CONVERSION = YES;
				GCC_WARN_ABOUT_RETURN_TYPE = YES_ERROR;
				GCC_WARN_UNDECLARED_SELECTOR = YES;
				GCC_WARN_UNINITIALIZED_AUTOS = YES_AGGRESSIVE;
				GCC_WARN_UNUSED_FUNCTION = YES;
				GCC_WARN_UNUSED_VARIABLE = YES;
				IPHONEOS_DEPLOYMENT_TARGET = 13.2;
				MTL_ENABLE_DEBUG_INFO = INCLUDE_SOURCE;
				MTL_FAST_MATH = YES;
				ONLY_ACTIVE_ARCH = YES;
				SDKROOT = iphoneos;
				SWIFT_ACTIVE_COMPILATION_CONDITIONS = DEBUG;
				SWIFT_OPTIMIZATION_LEVEL = "-Onone";
			};
			name = Debug;
		};
		EA794BF4259CA3E80068D1DB /* Release */ = {
			isa = XCBuildConfiguration;
			buildSettings = {
				ALWAYS_SEARCH_USER_PATHS = NO;
				CLANG_ANALYZER_NONNULL = YES;
				CLANG_ANALYZER_NUMBER_OBJECT_CONVERSION = YES_AGGRESSIVE;
				CLANG_CXX_LANGUAGE_STANDARD = "gnu++14";
				CLANG_CXX_LIBRARY = "libc++";
				CLANG_ENABLE_MODULES = YES;
				CLANG_ENABLE_OBJC_ARC = YES;
				CLANG_ENABLE_OBJC_WEAK = YES;
				CLANG_WARN_BLOCK_CAPTURE_AUTORELEASING = YES;
				CLANG_WARN_BOOL_CONVERSION = YES;
				CLANG_WARN_COMMA = YES;
				CLANG_WARN_CONSTANT_CONVERSION = YES;
				CLANG_WARN_DEPRECATED_OBJC_IMPLEMENTATIONS = YES;
				CLANG_WARN_DIRECT_OBJC_ISA_USAGE = YES_ERROR;
				CLANG_WARN_DOCUMENTATION_COMMENTS = YES;
				CLANG_WARN_EMPTY_BODY = YES;
				CLANG_WARN_ENUM_CONVERSION = YES;
				CLANG_WARN_INFINITE_RECURSION = YES;
				CLANG_WARN_INT_CONVERSION = YES;
				CLANG_WARN_NON_LITERAL_NULL_CONVERSION = YES;
				CLANG_WARN_OBJC_IMPLICIT_RETAIN_SELF = YES;
				CLANG_WARN_OBJC_LITERAL_CONVERSION = YES;
				CLANG_WARN_OBJC_ROOT_CLASS = YES_ERROR;
				CLANG_WARN_RANGE_LOOP_ANALYSIS = YES;
				CLANG_WARN_STRICT_PROTOTYPES = YES;
				CLANG_WARN_SUSPICIOUS_MOVE = YES;
				CLANG_WARN_UNGUARDED_AVAILABILITY = YES_AGGRESSIVE;
				CLANG_WARN_UNREACHABLE_CODE = YES;
				CLANG_WARN__DUPLICATE_METHOD_MATCH = YES;
				COPY_PHASE_STRIP = NO;
				DEBUG_INFORMATION_FORMAT = "dwarf-with-dsym";
				ENABLE_NS_ASSERTIONS = NO;
				ENABLE_STRICT_OBJC_MSGSEND = YES;
				GCC_C_LANGUAGE_STANDARD = gnu11;
				GCC_NO_COMMON_BLOCKS = YES;
				GCC_WARN_64_TO_32_BIT_CONVERSION = YES;
				GCC_WARN_ABOUT_RETURN_TYPE = YES_ERROR;
				GCC_WARN_UNDECLARED_SELECTOR = YES;
				GCC_WARN_UNINITIALIZED_AUTOS = YES_AGGRESSIVE;
				GCC_WARN_UNUSED_FUNCTION = YES;
				GCC_WARN_UNUSED_VARIABLE = YES;
				IPHONEOS_DEPLOYMENT_TARGET = 13.2;
				MTL_ENABLE_DEBUG_INFO = NO;
				MTL_FAST_MATH = YES;
				SDKROOT = iphoneos;
				SWIFT_COMPILATION_MODE = wholemodule;
				SWIFT_OPTIMIZATION_LEVEL = "-O";
				VALIDATE_PRODUCT = YES;
			};
			name = Release;
		};
		EA794BF6259CA3E80068D1DB /* Debug */ = {
			isa = XCBuildConfiguration;
			buildSettings = {
				ASSETCATALOG_COMPILER_APPICON_NAME = AppIcon;
				CODE_SIGN_STYLE = Automatic;
				DEVELOPMENT_TEAM = V2NHD2PTYH;
				INFOPLIST_FILE = gittest/Info.plist;
				LD_RUNPATH_SEARCH_PATHS = (
					"$(inherited)",
					"@executable_path/Frameworks",
				);
				PRODUCT_BUNDLE_IDENTIFIER = com.techplus.gittest;
				PRODUCT_NAME = "$(TARGET_NAME)";
				SWIFT_VERSION = 5.0;
				TARGETED_DEVICE_FAMILY = "1,2";
			};
			name = Debug;
		};
		EA794BF7259CA3E80068D1DB /* Release */ = {
			isa = XCBuildConfiguration;
			buildSettings = {
				ASSETCATALOG_COMPILER_APPICON_NAME = AppIcon;
				CODE_SIGN_STYLE = Automatic;
				DEVELOPMENT_TEAM = V2NHD2PTYH;
				INFOPLIST_FILE = gittest/Info.plist;
				LD_RUNPATH_SEARCH_PATHS = (
					"$(inherited)",
					"@executable_path/Frameworks",
				);
				PRODUCT_BUNDLE_IDENTIFIER = com.techplus.gittest;
				PRODUCT_NAME = "$(TARGET_NAME)";
				SWIFT_VERSION = 5.0;
				TARGETED_DEVICE_FAMILY = "1,2";
			};
			name = Release;
		};
/* End XCBuildConfiguration section */

/* Begin XCConfigurationList section */
		EA794BDC259CA3E60068D1DB /* Build configuration list for PBXProject "gittest" */ = {
			isa = XCConfigurationList;
			buildConfigurations = (
				EA794BF3259CA3E80068D1DB /* Debug */,
				EA794BF4259CA3E80068D1DB /* Release */,
			);
			defaultConfigurationIsVisible = 0;
			defaultConfigurationName = Release;
		};
		EA794BF5259CA3E80068D1DB /* Build configuration list for PBXNativeTarget "gittest" */ = {
			isa = XCConfigurationList;
			buildConfigurations = (
				EA794BF6259CA3E80068D1DB /* Debug */,
				EA794BF7259CA3E80068D1DB /* Release */,
			);
			defaultConfigurationIsVisible = 0;
			defaultConfigurationName = Release;
		};
/* End XCConfigurationList section */
	};
	rootObject = EA794BD9259CA3E60068D1DB /* Project object */;
}
